
Microsoft Visual Studio Solution File, Format Version 12.00
# Visual Studio Version 17
VisualStudioVersion = 17.5.002.0
MinimumVisualStudioVersion = 10.0.40219.1
Project("{9A19103F-16F7-4668-BE54-9A1E7A4F7556}") = "FoodOrderApp", "FoodOrderApp\FoodOrderApp.csproj", "{37C27DD0-69B4-4A36-8F09-23B4AA16E6B1}"
EndProject
Global
	GlobalSection(SolutionConfigurationPlatforms) = preSolution
		Debug|Any CPU = Debug|Any CPU
		Release|Any CPU = Release|Any CPU
	EndGlobalSection
	GlobalSection(ProjectConfigurationPlatforms) = postSolution
		{37C27DD0-69B4-4A36-8F09-23B4AA16E6B1}.Debug|Any CPU.ActiveCfg = Debug|Any CPU
		{37C27DD0-69B4-4A36-8F09-23B4AA16E6B1}.Debug|Any CPU.Build.0 = Debug|Any CPU
		{37C27DD0-69B4-4A36-8F09-23B4AA16E6B1}.Release|Any CPU.ActiveCfg = Release|Any CPU
		{37C27DD0-69B4-4A36-8F09-23B4AA16E6B1}.Release|Any CPU.Build.0 = Release|Any CPU
	EndGlobalSection
	GlobalSection(SolutionProperties) = preSolution
		HideSolutionNode = FALSE
	EndGlobalSection
	GlobalSection(ExtensibilityGlobals) = postSolution
		SolutionGuid = {BFB72B6F-9C37-4406-A021-B3E25FD8DEE9}
	EndGlobalSection
EndGlobal
